
Microsoft Visual Studio Solution File, Format Version 12.00
# Visual Studio Version 16
VisualStudioVersion = 16.0.31729.503
MinimumVisualStudioVersion = 10.0.40219.1
Project("{9A19103F-16F7-4668-BE54-9A1E7A4F7556}") = "Calculator", "Calculator\Calculator.csproj", "{169EA28E-2D20-49D0-B077-6E5D1829D556}"
EndProject
Project("{FAE04EC0-301F-11D3-BF4B-00C04F79EFBC}") = "CalculatorLibrary", "CalculatorLibrary\CalculatorLibrary.csproj", "{7F48F0EB-1D65-4F75-924D-3567324F966A}"
EndProject
Global
	GlobalSection(SolutionConfigurationPlatforms) = preSolution
		Debug|Any CPU = Debug|Any CPU
		Release|Any CPU = Release|Any CPU
	EndGlobalSection
	GlobalSection(ProjectConfigurationPlatforms) = postSolution
		{169EA28E-2D20-49D0-B077-6E5D1829D556}.Debug|Any CPU.ActiveCfg = Debug|Any CPU
		{169EA28E-2D20-49D0-B077-6E5D1829D556}.Debug|Any CPU.Build.0 = Debug|Any CPU
		{169EA28E-2D20-49D0-B077-6E5D1829D556}.Release|Any CPU.ActiveCfg = Release|Any CPU
		{169EA28E-2D20-49D0-B077-6E5D1829D556}.Release|Any CPU.Build.0 = Release|Any CPU
		{7F48F0EB-1D65-4F75-924D-3567324F966A}.Debug|Any CPU.ActiveCfg = Debug|Any CPU
		{7F48F0EB-1D65-4F75-924D-3567324F966A}.Debug|Any CPU.Build.0 = Debug|Any CPU
		{7F48F0EB-1D65-4F75-924D-3567324F966A}.Release|Any CPU.ActiveCfg = Release|Any CPU
		{7F48F0EB-1D65-4F75-924D-3567324F966A}.Release|Any CPU.Build.0 = Release|Any CPU
	EndGlobalSection
	GlobalSection(SolutionProperties) = preSolution
		HideSolutionNode = FALSE
	EndGlobalSection
	GlobalSection(ExtensibilityGlobals) = postSolution
		SolutionGuid = {DE43C75D-B0BB-46C3-8CBF-583B753D06A3}
	EndGlobalSection
EndGlobal
